
Microsoft Visual Studio Solution File, Format Version 12.00
# Visual Studio Version 17
VisualStudioVersion = 17.0.31903.59
MinimumVisualStudioVersion = 10.0.40219.1
Project("{2150E333-8FDC-42A3-9474-1A3956D46DE8}") = "src", "src", "{E0C249D9-1BCF-47FE-B383-5D3A0528C085}"
EndProject
Project("{FAE04EC0-301F-11D3-BF4B-00C04F79EFBC}") = "College", "src\College\College.csproj", "{2147FA2D-7018-4FF5-B532-9F9BFE296E1B}"
EndProject
Project("{FAE04EC0-301F-11D3-BF4B-00C04F79EFBC}") = "EventExample", "src\EventExample\EventExample.csproj", "{0845BC32-6294-477A-B2A1-6D24FAD10D4B}"
EndProject
Project("{FAE04EC0-301F-11D3-BF4B-00C04F79EFBC}") = "ConsoleApp9", "src\ConsoleApp9\ConsoleApp9.csproj", "{794F34A1-46C1-42B2-B747-09DB6D2A4E3B}"
EndProject
Project("{FAE04EC0-301F-11D3-BF4B-00C04F79EFBC}") = "WelcomeCSharp_1318", "src\WelcomeCSharp_1318\WelcomeCSharp_1318.csproj", "{22554717-D29F-49E5-8E6C-713324A87DDD}"
EndProject
Project("{FAE04EC0-301F-11D3-BF4B-00C04F79EFBC}") = "EmployeeDetails_1318", "src\EmployeeDetails_1318\EmployeeDetails_1318.csproj", "{C43CE613-22C8-4603-A20A-C50852A7EE57}"
EndProject
Project("{FAE04EC0-301F-11D3-BF4B-00C04F79EFBC}") = "BitwiseShift_1318", "src\BitwiseShift_1318\BitwiseShift_1318.csproj", "{64ACBB87-5C0E-4375-A26A-F5AC83A46400}"
EndProject
Project("{FAE04EC0-301F-11D3-BF4B-00C04F79EFBC}") = "AssignmentOperators_1318", "src\AssignmentOperators_1318\AssignmentOperators_1318.csproj", "{E56A9FFC-695E-4282-A155-DBE2BE915A15}"
EndProject
Project("{FAE04EC0-301F-11D3-BF4B-00C04F79EFBC}") = "FibonacciSeries_1318", "src\FibonacciSeries_1318\FibonacciSeries_1318.csproj", "{A859D012-084A-4875-B2BD-6D2E80A9D6CE}"
EndProject
Project("{FAE04EC0-301F-11D3-BF4B-00C04F79EFBC}") = "JaggedArraySum_1318", "src\JaggedArraySum_1318\JaggedArraySum_1318.csproj", "{BC63DE02-A08D-4C83-962B-AD05A5F869CE}"
EndProject
Project("{FAE04EC0-301F-11D3-BF4B-00C04F79EFBC}") = "MatrixMultiplication_1318", "src\MatrixMultiplication_1318\MatrixMultiplication_1318.csproj", "{149B8FD0-C7E7-40C0-9455-439ACCDD915E}"
EndProject
Project("{FAE04EC0-301F-11D3-BF4B-00C04F79EFBC}") = "DiagonalSum_1318", "src\DiagonalSum_1318\DiagonalSum_1318.csproj", "{72D27CD7-4A15-4F2D-B0FB-BE8FBBD74724}"
EndProject
Project("{FAE04EC0-301F-11D3-BF4B-00C04F79EFBC}") = "ArrayAsParameter_1318", "src\ArrayAsParameter_1318\ArrayAsParameter_1318.csproj", "{F59AA651-F86A-4BF2-8D11-6071160F3062}"
EndProject
Project("{FAE04EC0-301F-11D3-BF4B-00C04F79EFBC}") = "ParameterizedConstructor_1318", "src\ParameterizedConstructor_1318\ParameterizedConstructor_1318.csproj", "{DFCB274F-024D-46AD-B03F-8FAFE0D676DD}"
EndProject
Project("{FAE04EC0-301F-11D3-BF4B-00C04F79EFBC}") = "AutoProperties_1318", "src\AutoProperties_1318\AutoProperties_1318.csproj", "{4209A9DF-3625-4248-ABF0-4190A24B0793}"
EndProject
Project("{FAE04EC0-301F-11D3-BF4B-00C04F79EFBC}") = "MethodOverloading_1318", "src\MethodOverloading_1318\MethodOverloading_1318.csproj", "{30FB83C9-3659-49C3-B333-ECB06F188F8F}"
EndProject
Project("{FAE04EC0-301F-11D3-BF4B-00C04F79EFBC}") = "MethodOverriding_1318", "src\MethodOverriding_1318\MethodOverriding_1318.csproj", "{CA9615BB-53B2-4E2C-913A-DE1253DE5EC1}"
EndProject
Project("{FAE04EC0-301F-11D3-BF4B-00C04F79EFBC}") = "MethodHiding_1318", "src\MethodHiding_1318\MethodHiding_1318.csproj", "{C6A339A9-ADBB-40C1-8DDB-A34CC44A4445}"
EndProject
Project("{FAE04EC0-301F-11D3-BF4B-00C04F79EFBC}") = "AbstractClassDemo_1318", "src\AbstractClassDemo_1318\AbstractClassDemo_1318.csproj", "{73050B2C-2B0F-4A5F-8EDF-299222DDCD58}"
EndProject
Project("{FAE04EC0-301F-11D3-BF4B-00C04F79EFBC}") = "InterfaceDemo_1318", "src\InterfaceDemo_1318\InterfaceDemo_1318.csproj", "{F8D16CE9-7BE4-406B-A597-1567ADCB8D2E}"
EndProject
Project("{FAE04EC0-301F-11D3-BF4B-00C04F79EFBC}") = "BaseKeywordDemo_1318", "src\BaseKeywordDemo_1318\BaseKeywordDemo_1318.csproj", "{BFE7FC66-6E37-4FF4-9BAB-56E7CAD134F8}"
EndProject
Project("{FAE04EC0-301F-11D3-BF4B-00C04F79EFBC}") = "StructDemo_1318", "src\StructDemo_1318\StructDemo_1318.csproj", "{6E5E1B02-7970-466E-9614-7097D074893F}"
EndProject
Project("{FAE04EC0-301F-11D3-BF4B-00C04F79EFBC}") = "DelegateCalculator_1318", "src\DelegateCalculator_1318\DelegateCalculator_1318.csproj", "{BD841ED7-B108-4F8A-ABA0-7C6C7BE4D236}"
EndProject
Project("{FAE04EC0-301F-11D3-BF4B-00C04F79EFBC}") = "ButtonEventDemo_1318", "src\ButtonEventDemo_1318\ButtonEventDemo_1318.csproj", "{6790CB3C-4EDE-4FA5-8D9A-FEDF67708939}"
EndProject
Project("{FAE04EC0-301F-11D3-BF4B-00C04F79EFBC}") = "WithdrawException_1318", "src\WithdrawException_1318\WithdrawException_1318.csproj", "{69ABF3B8-BA7D-493C-8029-218CE6495725}"
EndProject
Project("{FAE04EC0-301F-11D3-BF4B-00C04F79EFBC}") = "AdoBasics", "src\AdoBasics\AdoBasics.csproj", "{9DE28647-EF5A-4F53-8792-8BB6A245B499}"
EndProject
Project("{FAE04EC0-301F-11D3-BF4B-00C04F79EFBC}") = "EfCoreCrud", "src\EfCoreCrud\EfCoreCrud.csproj", "{13F3667E-EF94-493B-8F81-3714A11F7570}"
EndProject
Global
	GlobalSection(SolutionConfigurationPlatforms) = preSolution
		Debug|Any CPU = Debug|Any CPU
		Release|Any CPU = Release|Any CPU
	EndGlobalSection
	GlobalSection(SolutionProperties) = preSolution
		HideSolutionNode = FALSE
	EndGlobalSection
	GlobalSection(ProjectConfigurationPlatforms) = postSolution
		{2147FA2D-7018-4FF5-B532-9F9BFE296E1B}.Debug|Any CPU.ActiveCfg = Debug|Any CPU
		{2147FA2D-7018-4FF5-B532-9F9BFE296E1B}.Debug|Any CPU.Build.0 = Debug|Any CPU
		{2147FA2D-7018-4FF5-B532-9F9BFE296E1B}.Release|Any CPU.ActiveCfg = Release|Any CPU
		{2147FA2D-7018-4FF5-B532-9F9BFE296E1B}.Release|Any CPU.Build.0 = Release|Any CPU
		{0845BC32-6294-477A-B2A1-6D24FAD10D4B}.Debug|Any CPU.ActiveCfg = Debug|Any CPU
		{0845BC32-6294-477A-B2A1-6D24FAD10D4B}.Debug|Any CPU.Build.0 = Debug|Any CPU
		{0845BC32-6294-477A-B2A1-6D24FAD10D4B}.Release|Any CPU.ActiveCfg = Release|Any CPU
		{0845BC32-6294-477A-B2A1-6D24FAD10D4B}.Release|Any CPU.Build.0 = Release|Any CPU
		{794F34A1-46C1-42B2-B747-09DB6D2A4E3B}.Debug|Any CPU.ActiveCfg = Debug|Any CPU
		{794F34A1-46C1-42B2-B747-09DB6D2A4E3B}.Debug|Any CPU.Build.0 = Debug|Any CPU
		{794F34A1-46C1-42B2-B747-09DB6D2A4E3B}.Release|Any CPU.ActiveCfg = Release|Any CPU
		{794F34A1-46C1-42B2-B747-09DB6D2A4E3B}.Release|Any CPU.Build.0 = Release|Any CPU
		{22554717-D29F-49E5-8E6C-713324A87DDD}.Debug|Any CPU.ActiveCfg = Debug|Any CPU
		{22554717-D29F-49E5-8E6C-713324A87DDD}.Debug|Any CPU.Build.0 = Debug|Any CPU
		{22554717-D29F-49E5-8E6C-713324A87DDD}.Release|Any CPU.ActiveCfg = Release|Any CPU
		{22554717-D29F-49E5-8E6C-713324A87DDD}.Release|Any CPU.Build.0 = Release|Any CPU
		{C43CE613-22C8-4603-A20A-C50852A7EE57}.Debug|Any CPU.ActiveCfg = Debug|Any CPU
		{C43CE613-22C8-4603-A20A-C50852A7EE57}.Debug|Any CPU.Build.0 = Debug|Any CPU
		{C43CE613-22C8-4603-A20A-C50852A7EE57}.Release|Any CPU.ActiveCfg = Release|Any CPU
		{C43CE613-22C8-4603-A20A-C50852A7EE57}.Release|Any CPU.Build.0 = Release|Any CPU
		{64ACBB87-5C0E-4375-A26A-F5AC83A46400}.Debug|Any CPU.ActiveCfg = Debug|Any CPU
		{64ACBB87-5C0E-4375-A26A-F5AC83A46400}.Debug|Any CPU.Build.0 = Debug|Any CPU
		{64ACBB87-5C0E-4375-A26A-F5AC83A46400}.Release|Any CPU.ActiveCfg = Release|Any CPU
		{64ACBB87-5C0E-4375-A26A-F5AC83A46400}.Release|Any CPU.Build.0 = Release|Any CPU
		{E56A9FFC-695E-4282-A155-DBE2BE915A15}.Debug|Any CPU.ActiveCfg = Debug|Any CPU
		{E56A9FFC-695E-4282-A155-DBE2BE915A15}.Debug|Any CPU.Build.0 = Debug|Any CPU
		{E56A9FFC-695E-4282-A155-DBE2BE915A15}.Release|Any CPU.ActiveCfg = Release|Any CPU
		{E56A9FFC-695E-4282-A155-DBE2BE915A15}.Release|Any CPU.Build.0 = Release|Any CPU
		{A859D012-084A-4875-B2BD-6D2E80A9D6CE}.Debug|Any CPU.ActiveCfg = Debug|Any CPU
		{A859D012-084A-4875-B2BD-6D2E80A9D6CE}.Debug|Any CPU.Build.0 = Debug|Any CPU
		{A859D012-084A-4875-B2BD-6D2E80A9D6CE}.Release|Any CPU.ActiveCfg = Release|Any CPU
		{A859D012-084A-4875-B2BD-6D2E80A9D6CE}.Release|Any CPU.Build.0 = Release|Any CPU
		{BC63DE02-A08D-4C83-962B-AD05A5F869CE}.Debug|Any CPU.ActiveCfg = Debug|Any CPU
		{BC63DE02-A08D-4C83-962B-AD05A5F869CE}.Debug|Any CPU.Build.0 = Debug|Any CPU
		{BC63DE02-A08D-4C83-962B-AD05A5F869CE}.Release|Any CPU.ActiveCfg = Release|Any CPU
		{BC63DE02-A08D-4C83-962B-AD05A5F869CE}.Release|Any CPU.Build.0 = Release|Any CPU
		{149B8FD0-C7E7-40C0-9455-439ACCDD915E}.Debug|Any CPU.ActiveCfg = Debug|Any CPU
		{149B8FD0-C7E7-40C0-9455-439ACCDD915E}.Debug|Any CPU.Build.0 = Debug|Any CPU
		{149B8FD0-C7E7-40C0-9455-439ACCDD915E}.Release|Any CPU.ActiveCfg = Release|Any CPU
		{149B8FD0-C7E7-40C0-9455-439ACCDD915E}.Release|Any CPU.Build.0 = Release|Any CPU
		{72D27CD7-4A15-4F2D-B0FB-BE8FBBD74724}.Debug|Any CPU.ActiveCfg = Debug|Any CPU
		{72D27CD7-4A15-4F2D-B0FB-BE8FBBD74724}.Debug|Any CPU.Build.0 = Debug|Any CPU
		{72D27CD7-4A15-4F2D-B0FB-BE8FBBD74724}.Release|Any CPU.ActiveCfg = Release|Any CPU
		{72D27CD7-4A15-4F2D-B0FB-BE8FBBD74724}.Release|Any CPU.Build.0 = Release|Any CPU
		{F59AA651-F86A-4BF2-8D11-6071160F3062}.Debug|Any CPU.ActiveCfg = Debug|Any CPU
		{F59AA651-F86A-4BF2-8D11-6071160F3062}.Debug|Any CPU.Build.0 = Debug|Any CPU
		{F59AA651-F86A-4BF2-8D11-6071160F3062}.Release|Any CPU.ActiveCfg = Release|Any CPU
		{F59AA651-F86A-4BF2-8D11-6071160F3062}.Release|Any CPU.Build.0 = Release|Any CPU
		{DFCB274F-024D-46AD-B03F-8FAFE0D676DD}.Debug|Any CPU.ActiveCfg = Debug|Any CPU
		{DFCB274F-024D-46AD-B03F-8FAFE0D676DD}.Debug|Any CPU.Build.0 = Debug|Any CPU
		{DFCB274F-024D-46AD-B03F-8FAFE0D676DD}.Release|Any CPU.ActiveCfg = Release|Any CPU
		{DFCB274F-024D-46AD-B03F-8FAFE0D676DD}.Release|Any CPU.Build.0 = Release|Any CPU
		{4209A9DF-3625-4248-ABF0-4190A24B0793}.Debug|Any CPU.ActiveCfg = Debug|Any CPU
		{4209A9DF-3625-4248-ABF0-4190A24B0793}.Debug|Any CPU.Build.0 = Debug|Any CPU
		{4209A9DF-3625-4248-ABF0-4190A24B0793}.Release|Any CPU.ActiveCfg = Release|Any CPU
		{4209A9DF-3625-4248-ABF0-4190A24B0793}.Release|Any CPU.Build.0 = Release|Any CPU
		{30FB83C9-3659-49C3-B333-ECB06F188F8F}.Debug|Any CPU.ActiveCfg = Debug|Any CPU
		{30FB83C9-3659-49C3-B333-ECB06F188F8F}.Debug|Any CPU.Build.0 = Debug|Any CPU
		{30FB83C9-3659-49C3-B333-ECB06F188F8F}.Release|Any CPU.ActiveCfg = Release|Any CPU
		{30FB83C9-3659-49C3-B333-ECB06F188F8F}.Release|Any CPU.Build.0 = Release|Any CPU
		{CA9615BB-53B2-4E2C-913A-DE1253DE5EC1}.Debug|Any CPU.ActiveCfg = Debug|Any CPU
		{CA9615BB-53B2-4E2C-913A-DE1253DE5EC1}.Debug|Any CPU.Build.0 = Debug|Any CPU
		{CA9615BB-53B2-4E2C-913A-DE1253DE5EC1}.Release|Any CPU.ActiveCfg = Release|Any CPU
		{CA9615BB-53B2-4E2C-913A-DE1253DE5EC1}.Release|Any CPU.Build.0 = Release|Any CPU
		{C6A339A9-ADBB-40C1-8DDB-A34CC44A4445}.Debug|Any CPU.ActiveCfg = Debug|Any CPU
		{C6A339A9-ADBB-40C1-8DDB-A34CC44A4445}.Debug|Any CPU.Build.0 = Debug|Any CPU
		{C6A339A9-ADBB-40C1-8DDB-A34CC44A4445}.Release|Any CPU.ActiveCfg = Release|Any CPU
		{C6A339A9-ADBB-40C1-8DDB-A34CC44A4445}.Release|Any CPU.Build.0 = Release|Any CPU
		{73050B2C-2B0F-4A5F-8EDF-299222DDCD58}.Debug|Any CPU.ActiveCfg = Debug|Any CPU
		{73050B2C-2B0F-4A5F-8EDF-299222DDCD58}.Debug|Any CPU.Build.0 = Debug|Any CPU
		{73050B2C-2B0F-4A5F-8EDF-299222DDCD58}.Release|Any CPU.ActiveCfg = Release|Any CPU
		{73050B2C-2B0F-4A5F-8EDF-299222DDCD58}.Release|Any CPU.Build.0 = Release|Any CPU
		{F8D16CE9-7BE4-406B-A597-1567ADCB8D2E}.Debug|Any CPU.ActiveCfg = Debug|Any CPU
		{F8D16CE9-7BE4-406B-A597-1567ADCB8D2E}.Debug|Any CPU.Build.0 = Debug|Any CPU
		{F8D16CE9-7BE4-406B-A597-1567ADCB8D2E}.Release|Any CPU.ActiveCfg = Release|Any CPU
		{F8D16CE9-7BE4-406B-A597-1567ADCB8D2E}.Release|Any CPU.Build.0 = Release|Any CPU
		{BFE7FC66-6E37-4FF4-9BAB-56E7CAD134F8}.Debug|Any CPU.ActiveCfg = Debug|Any CPU
		{BFE7FC66-6E37-4FF4-9BAB-56E7CAD134F8}.Debug|Any CPU.Build.0 = Debug|Any CPU
		{BFE7FC66-6E37-4FF4-9BAB-56E7CAD134F8}.Release|Any CPU.ActiveCfg = Release|Any CPU
		{BFE7FC66-6E37-4FF4-9BAB-56E7CAD134F8}.Release|Any CPU.Build.0 = Release|Any CPU
		{6E5E1B02-7970-466E-9614-7097D074893F}.Debug|Any CPU.ActiveCfg = Debug|Any CPU
		{6E5E1B02-7970-466E-9614-7097D074893F}.Debug|Any CPU.Build.0 = Debug|Any CPU
		{6E5E1B02-7970-466E-9614-7097D074893F}.Release|Any CPU.ActiveCfg = Release|Any CPU
		{6E5E1B02-7970-466E-9614-7097D074893F}.Release|Any CPU.Build.0 = Release|Any CPU
		{BD841ED7-B108-4F8A-ABA0-7C6C7BE4D236}.Debug|Any CPU.ActiveCfg = Debug|Any CPU
		{BD841ED7-B108-4F8A-ABA0-7C6C7BE4D236}.Debug|Any CPU.Build.0 = Debug|Any CPU
		{BD841ED7-B108-4F8A-ABA0-7C6C7BE4D236}.Release|Any CPU.ActiveCfg = Release|Any CPU
		{BD841ED7-B108-4F8A-ABA0-7C6C7BE4D236}.Release|Any CPU.Build.0 = Release|Any CPU
		{6790CB3C-4EDE-4FA5-8D9A-FEDF67708939}.Debug|Any CPU.ActiveCfg = Debug|Any CPU
		{6790CB3C-4EDE-4FA5-8D9A-FEDF67708939}.Debug|Any CPU.Build.0 = Debug|Any CPU
		{6790CB3C-4EDE-4FA5-8D9A-FEDF67708939}.Release|Any CPU.ActiveCfg = Release|Any CPU
		{6790CB3C-4EDE-4FA5-8D9A-FEDF67708939}.Release|Any CPU.Build.0 = Release|Any CPU
		{69ABF3B8-BA7D-493C-8029-218CE6495725}.Debug|Any CPU.ActiveCfg = Debug|Any CPU
		{69ABF3B8-BA7D-493C-8029-218CE6495725}.Debug|Any CPU.Build.0 = Debug|Any CPU
		{69ABF3B8-BA7D-493C-8029-218CE6495725}.Release|Any CPU.ActiveCfg = Release|Any CPU
		{69ABF3B8-BA7D-493C-8029-218CE6495725}.Release|Any CPU.Build.0 = Release|Any CPU
		{9DE28647-EF5A-4F53-8792-8BB6A245B499}.Debug|Any CPU.ActiveCfg = Debug|Any CPU
		{9DE28647-EF5A-4F53-8792-8BB6A245B499}.Debug|Any CPU.Build.0 = Debug|Any CPU
		{9DE28647-EF5A-4F53-8792-8BB6A245B499}.Release|Any CPU.ActiveCfg = Release|Any CPU
		{9DE28647-EF5A-4F53-8792-8BB6A245B499}.Release|Any CPU.Build.0 = Release|Any CPU
		{13F3667E-EF94-493B-8F81-3714A11F7570}.Debug|Any CPU.ActiveCfg = Debug|Any CPU
		{13F3667E-EF94-493B-8F81-3714A11F7570}.Debug|Any CPU.Build.0 = Debug|Any CPU
		{13F3667E-EF94-493B-8F81-3714A11F7570}.Release|Any CPU.ActiveCfg = Release|Any CPU
		{13F3667E-EF94-493B-8F81-3714A11F7570}.Release|Any CPU.Build.0 = Release|Any CPU
	EndGlobalSection
	GlobalSection(NestedProjects) = preSolution
		{2147FA2D-7018-4FF5-B532-9F9BFE296E1B} = {E0C249D9-1BCF-47FE-B383-5D3A0528C085}
		{0845BC32-6294-477A-B2A1-6D24FAD10D4B} = {E0C249D9-1BCF-47FE-B383-5D3A0528C085}
		{794F34A1-46C1-42B2-B747-09DB6D2A4E3B} = {E0C249D9-1BCF-47FE-B383-5D3A0528C085}
		{22554717-D29F-49E5-8E6C-713324A87DDD} = {E0C249D9-1BCF-47FE-B383-5D3A0528C085}
		{C43CE613-22C8-4603-A20A-C50852A7EE57} = {E0C249D9-1BCF-47FE-B383-5D3A0528C085}
		{64ACBB87-5C0E-4375-A26A-F5AC83A46400} = {E0C249D9-1BCF-47FE-B383-5D3A0528C085}
		{E56A9FFC-695E-4282-A155-DBE2BE915A15} = {E0C249D9-1BCF-47FE-B383-5D3A0528C085}
		{A859D012-084A-4875-B2BD-6D2E80A9D6CE} = {E0C249D9-1BCF-47FE-B383-5D3A0528C085}
		{BC63DE02-A08D-4C83-962B-AD05A5F869CE} = {E0C249D9-1BCF-47FE-B383-5D3A0528C085}
		{149B8FD0-C7E7-40C0-9455-439ACCDD915E} = {E0C249D9-1BCF-47FE-B383-5D3A0528C085}
		{72D27CD7-4A15-4F2D-B0FB-BE8FBBD74724} = {E0C249D9-1BCF-47FE-B383-5D3A0528C085}
		{F59AA651-F86A-4BF2-8D11-6071160F3062} = {E0C249D9-1BCF-47FE-B383-5D3A0528C085}
		{DFCB274F-024D-46AD-B03F-8FAFE0D676DD} = {E0C249D9-1BCF-47FE-B383-5D3A0528C085}
		{4209A9DF-3625-4248-ABF0-4190A24B0793} = {E0C249D9-1BCF-47FE-B383-5D3A0528C085}
		{30FB83C9-3659-49C3-B333-ECB06F188F8F} = {E0C249D9-1BCF-47FE-B383-5D3A0528C085}
		{CA9615BB-53B2-4E2C-913A-DE1253DE5EC1} = {E0C249D9-1BCF-47FE-B383-5D3A0528C085}
		{C6A339A9-ADBB-40C1-8DDB-A34CC44A4445} = {E0C249D9-1BCF-47FE-B383-5D3A0528C085}
		{73050B2C-2B0F-4A5F-8EDF-299222DDCD58} = {E0C249D9-1BCF-47FE-B383-5D3A0528C085}
		{F8D16CE9-7BE4-406B-A597-1567ADCB8D2E} = {E0C249D9-1BCF-47FE-B383-5D3A0528C085}
		{BFE7FC66-6E37-4FF4-9BAB-56E7CAD134F8} = {E0C249D9-1BCF-47FE-B383-5D3A0528C085}
		{6E5E1B02-7970-466E-9614-7097D074893F} = {E0C249D9-1BCF-47FE-B383-5D3A0528C085}
		{BD841ED7-B108-4F8A-ABA0-7C6C7BE4D236} = {E0C249D9-1BCF-47FE-B383-5D3A0528C085}
		{6790CB3C-4EDE-4FA5-8D9A-FEDF67708939} = {E0C249D9-1BCF-47FE-B383-5D3A0528C085}
		{69ABF3B8-BA7D-493C-8029-218CE6495725} = {E0C249D9-1BCF-47FE-B383-5D3A0528C085}
		{9DE28647-EF5A-4F53-8792-8BB6A245B499} = {E0C249D9-1BCF-47FE-B383-5D3A0528C085}
		{13F3667E-EF94-493B-8F81-3714A11F7570} = {E0C249D9-1BCF-47FE-B383-5D3A0528C085}
	EndGlobalSection
EndGlobal
